
Microsoft Visual Studio Solution File, Format Version 12.00
# Visual Studio Version 16
VisualStudioVersion = 16.0.28803.202
MinimumVisualStudioVersion = 10.0.40219.1
Project("{FAE04EC0-301F-11D3-BF4B-00C04F79EFBC}") = "Airport", "Airport.csproj", "{24EBE2BD-0895-4435-BF70-A33AD0220946}"
EndProject
Global
	GlobalSection(SolutionConfigurationPlatforms) = preSolution
		Debug|Any CPU = Debug|Any CPU
		Release|Any CPU = Release|Any CPU
	EndGlobalSection
	GlobalSection(ProjectConfigurationPlatforms) = postSolution
		{24EBE2BD-0895-4435-BF70-A33AD0220946}.Debug|Any CPU.ActiveCfg = Debug|Any CPU
		{24EBE2BD-0895-4435-BF70-A33AD0220946}.Debug|Any CPU.Build.0 = Debug|Any CPU
		{24EBE2BD-0895-4435-BF70-A33AD0220946}.Release|Any CPU.ActiveCfg = Release|Any CPU
		{24EBE2BD-0895-4435-BF70-A33AD0220946}.Release|Any CPU.Build.0 = Release|Any CPU
	EndGlobalSection
	GlobalSection(SolutionProperties) = preSolution
		HideSolutionNode = FALSE
	EndGlobalSection
	GlobalSection(ExtensibilityGlobals) = postSolution
		SolutionGuid = {DAC1AC3F-FC62-4210-9F16-7AA9C85B21C2}
	EndGlobalSection
EndGlobal
